
Microsoft Visual Studio Solution File, Format Version 12.00
# Visual Studio 2013
VisualStudioVersion = 12.0.21005.1
MinimumVisualStudioVersion = 10.0.40219.1
Project("{FAE04EC0-301F-11D3-BF4B-00C04F79EFBC}") = "ResistorColCodeCalculator", "ResistorColCodeCalculator\ResistorColCodeCalculator.csproj", "{BDD89363-0AA5-4DC8-B9EF-77C08AF0BA96}"
EndProject
Project("{FAE04EC0-301F-11D3-BF4B-00C04F79EFBC}") = "ResistorColCodeCalculator.Tests", "ResistorColCodeCalculator.Tests\ResistorColCodeCalculator.Tests.csproj", "{FD5273DD-24C3-44FB-8A3D-499FABA8A78A}"
EndProject
Project("{FAE04EC0-301F-11D3-BF4B-00C04F79EFBC}") = "ResColCodeCalculator", "ResColCodeCalculator\ResColCodeCalculator.csproj", "{78ED9E76-34E4-4385-8C91-FCCFFBFBA261}"
EndProject
Global
	GlobalSection(SolutionConfigurationPlatforms) = preSolution
		Debug|Any CPU = Debug|Any CPU
		Release|Any CPU = Release|Any CPU
	EndGlobalSection
	GlobalSection(ProjectConfigurationPlatforms) = postSolution
		{BDD89363-0AA5-4DC8-B9EF-77C08AF0BA96}.Debug|Any CPU.ActiveCfg = Debug|Any CPU
		{BDD89363-0AA5-4DC8-B9EF-77C08AF0BA96}.Debug|Any CPU.Build.0 = Debug|Any CPU
		{BDD89363-0AA5-4DC8-B9EF-77C08AF0BA96}.Release|Any CPU.ActiveCfg = Release|Any CPU
		{BDD89363-0AA5-4DC8-B9EF-77C08AF0BA96}.Release|Any CPU.Build.0 = Release|Any CPU
		{FD5273DD-24C3-44FB-8A3D-499FABA8A78A}.Debug|Any CPU.ActiveCfg = Debug|Any CPU
		{FD5273DD-24C3-44FB-8A3D-499FABA8A78A}.Debug|Any CPU.Build.0 = Debug|Any CPU
		{FD5273DD-24C3-44FB-8A3D-499FABA8A78A}.Release|Any CPU.ActiveCfg = Release|Any CPU
		{FD5273DD-24C3-44FB-8A3D-499FABA8A78A}.Release|Any CPU.Build.0 = Release|Any CPU
		{78ED9E76-34E4-4385-8C91-FCCFFBFBA261}.Debug|Any CPU.ActiveCfg = Debug|Any CPU
		{78ED9E76-34E4-4385-8C91-FCCFFBFBA261}.Debug|Any CPU.Build.0 = Debug|Any CPU
		{78ED9E76-34E4-4385-8C91-FCCFFBFBA261}.Release|Any CPU.ActiveCfg = Release|Any CPU
		{78ED9E76-34E4-4385-8C91-FCCFFBFBA261}.Release|Any CPU.Build.0 = Release|Any CPU
	EndGlobalSection
	GlobalSection(SolutionProperties) = preSolution
		HideSolutionNode = FALSE
	EndGlobalSection
EndGlobal
